
Microsoft Visual Studio Solution File, Format Version 12.00
# Visual Studio Version 17
VisualStudioVersion = 17.6.33815.320
MinimumVisualStudioVersion = 10.0.40219.1
Project("{FAE04EC0-301F-11D3-BF4B-00C04F79EFBC}") = "SistemasTarefas", "SistemasTarefas.csproj", "{47C68AAE-528A-47CB-9349-92BA34C06540}"
EndProject
Global
	GlobalSection(SolutionConfigurationPlatforms) = preSolution
		Debug|Any CPU = Debug|Any CPU
		Release|Any CPU = Release|Any CPU
	EndGlobalSection
	GlobalSection(ProjectConfigurationPlatforms) = postSolution
		{47C68AAE-528A-47CB-9349-92BA34C06540}.Debug|Any CPU.ActiveCfg = Debug|Any CPU
		{47C68AAE-528A-47CB-9349-92BA34C06540}.Debug|Any CPU.Build.0 = Debug|Any CPU
		{47C68AAE-528A-47CB-9349-92BA34C06540}.Release|Any CPU.ActiveCfg = Release|Any CPU
		{47C68AAE-528A-47CB-9349-92BA34C06540}.Release|Any CPU.Build.0 = Release|Any CPU
	EndGlobalSection
	GlobalSection(SolutionProperties) = preSolution
		HideSolutionNode = FALSE
	EndGlobalSection
	GlobalSection(ExtensibilityGlobals) = postSolution
		SolutionGuid = {7C46E476-9942-4E6E-98A4-60D277F986A3}
	EndGlobalSection
EndGlobal
