
Microsoft Visual Studio Solution File, Format Version 12.00
# Visual Studio Version 17
VisualStudioVersion = 17.6.33815.320
MinimumVisualStudioVersion = 10.0.40219.1
Project("{FAE04EC0-301F-11D3-BF4B-00C04F79EFBC}") = "API", "API.csproj", "{84F6385A-4608-48B8-B609-C4AF2DAF175F}"
EndProject
Global
	GlobalSection(SolutionConfigurationPlatforms) = preSolution
		Debug|Any CPU = Debug|Any CPU
		Release|Any CPU = Release|Any CPU
	EndGlobalSection
	GlobalSection(ProjectConfigurationPlatforms) = postSolution
		{84F6385A-4608-48B8-B609-C4AF2DAF175F}.Debug|Any CPU.ActiveCfg = Debug|Any CPU
		{84F6385A-4608-48B8-B609-C4AF2DAF175F}.Debug|Any CPU.Build.0 = Debug|Any CPU
		{84F6385A-4608-48B8-B609-C4AF2DAF175F}.Release|Any CPU.ActiveCfg = Release|Any CPU
		{84F6385A-4608-48B8-B609-C4AF2DAF175F}.Release|Any CPU.Build.0 = Release|Any CPU
	EndGlobalSection
	GlobalSection(SolutionProperties) = preSolution
		HideSolutionNode = FALSE
	EndGlobalSection
	GlobalSection(ExtensibilityGlobals) = postSolution
		SolutionGuid = {4129313B-B3A7-4CE5-ACDD-74FD47A3FF08}
	EndGlobalSection
EndGlobal
